// !$*UTF8*$!
{
	archiveVersion = 1;
	classes = {
	};
	objectVersion = 50;
	objects = {

/* Begin PBXBuildFile section */
		C025B4C824A4E50100C99D24 /* IMG_02.jpg in Resources */ = {isa = PBXBuildFile; fileRef = C025B4C224A4E50000C99D24 /* IMG_02.jpg */; };
		C025B4C924A4E50100C99D24 /* IMG_05.jpg in Resources */ = {isa = PBXBuildFile; fileRef = C025B4C324A4E50000C99D24 /* IMG_05.jpg */; };
		C025B4CA24A4E50100C99D24 /* IMG_03.jpg in Resources */ = {isa = PBXBuildFile; fileRef = C025B4C424A4E50000C99D24 /* IMG_03.jpg */; };
		C025B4CB24A4E50100C99D24 /* IMG_06.jpg in Resources */ = {isa = PBXBuildFile; fileRef = C025B4C524A4E50000C99D24 /* IMG_06.jpg */; };
		C025B4CC24A4E50100C99D24 /* IMG_04.jpg in Resources */ = {isa = PBXBuildFile; fileRef = C025B4C624A4E50000C99D24 /* IMG_04.jpg */; };
		C025B4CD24A4E50100C99D24 /* IMG_01.jpg in Resources */ = {isa = PBXBuildFile; fileRef = C025B4C724A4E50100C99D24 /* IMG_01.jpg */; };
		C066FF8A249F602B00F25D6F /* AppDelegate.swift in Sources */ = {isa = PBXBuildFile; fileRef = C066FF89249F602B00F25D6F /* AppDelegate.swift */; };
		C066FF8C249F602B00F25D6F /* SceneDelegate.swift in Sources */ = {isa = PBXBuildFile; fileRef = C066FF8B249F602B00F25D6F /* SceneDelegate.swift */; };
		C066FF8E249F602B00F25D6F /* ViewController.swift in Sources */ = {isa = PBXBuildFile; fileRef = C066FF8D249F602B00F25D6F /* ViewController.swift */; };
		C066FF91249F602B00F25D6F /* Main.storyboard in Resources */ = {isa = PBXBuildFile; fileRef = C066FF8F249F602B00F25D6F /* Main.storyboard */; };
		C066FF93249F602C00F25D6F /* Assets.xcassets in Resources */ = {isa = PBXBuildFile; fileRef = C066FF92249F602C00F25D6F /* Assets.xcassets */; };
		C066FF96249F602C00F25D6F /* LaunchScreen.storyboard in Resources */ = {isa = PBXBuildFile; fileRef = C066FF94249F602C00F25D6F /* LaunchScreen.storyboard */; };
		C066FF9E24A237AF00F25D6F /* ResultViewController.swift in Sources */ = {isa = PBXBuildFile; fileRef = C066FF9D24A237AF00F25D6F /* ResultViewController.swift */; };
/* End PBXBuildFile section */

/* Begin PBXFileReference section */
		C025B4C224A4E50000C99D24 /* IMG_02.jpg */ = {isa = PBXFileReference; lastKnownFileType = image.jpeg; path = IMG_02.jpg; sourceTree = "<group>"; };
		C025B4C324A4E50000C99D24 /* IMG_05.jpg */ = {isa = PBXFileReference; lastKnownFileType = image.jpeg; path = IMG_05.jpg; sourceTree = "<group>"; };
		C025B4C424A4E50000C99D24 /* IMG_03.jpg */ = {isa = PBXFileReference; lastKnownFileType = image.jpeg; path = IMG_03.jpg; sourceTree = "<group>"; };
		C025B4C524A4E50000C99D24 /* IMG_06.jpg */ = {isa = PBXFileReference; lastKnownFileType = image.jpeg; path = IMG_06.jpg; sourceTree = "<group>"; };
		C025B4C624A4E50000C99D24 /* IMG_04.jpg */ = {isa = PBXFileReference; lastKnownFileType = image.jpeg; path = IMG_04.jpg; sourceTree = "<group>"; };
		C025B4C724A4E50100C99D24 /* IMG_01.jpg */ = {isa = PBXFileReference; lastKnownFileType = image.jpeg; path = IMG_01.jpg; sourceTree = "<group>"; };
		C066FF86249F602B00F25D6F /* SlideshowApp.app */ = {isa = PBXFileReference; explicitFileType = wrapper.application; includeInIndex = 0; path = SlideshowApp.app; sourceTree = BUILT_PRODUCTS_DIR; };
		C066FF89249F602B00F25D6F /* AppDelegate.swift */ = {isa = PBXFileReference; lastKnownFileType = sourcecode.swift; path = AppDelegate.swift; sourceTree = "<group>"; };
		C066FF8B249F602B00F25D6F /* SceneDelegate.swift */ = {isa = PBXFileReference; lastKnownFileType = sourcecode.swift; path = SceneDelegate.swift; sourceTree = "<group>"; };
		C066FF8D249F602B00F25D6F /* ViewController.swift */ = {isa = PBXFileReference; lastKnownFileType = sourcecode.swift; path = ViewController.swift; sourceTree = "<group>"; };
		C066FF90249F602B00F25D6F /* Base */ = {isa = PBXFileReference; lastKnownFileType = file.storyboard; name = Base; path = Base.lproj/Main.storyboard; sourceTree = "<group>"; };
		C066FF92249F602C00F25D6F /* Assets.xcassets */ = {isa = PBXFileReference; lastKnownFileType = folder.assetcatalog; path = Assets.xcassets; sourceTree = "<group>"; };
		C066FF95249F602C00F25D6F /* Base */ = {isa = PBXFileReference; lastKnownFileType = file.storyboard; name = Base; path = Base.lproj/LaunchScreen.storyboard; sourceTree = "<group>"; };
		C066FF97249F602C00F25D6F /* Info.plist */ = {isa = PBXFileReference; lastKnownFileType = text.plist.xml; path = Info.plist; sourceTree = "<group>"; };
		C066FF9D24A237AF00F25D6F /* ResultViewController.swift */ = {isa = PBXFileReference; lastKnownFileType = sourcecode.swift; path = ResultViewController.swift; sourceTree = "<group>"; };
/* End PBXFileReference section */

/* Begin PBXFrameworksBuildPhase section */
		C066FF83249F602B00F25D6F /* Frameworks */ = {
			isa = PBXFrameworksBuildPhase;
			buildActionMask = 2147483647;
			files = (
			);
			runOnlyForDeploymentPostprocessing = 0;
		};
/* End PBXFrameworksBuildPhase section */

/* Begin PBXGroup section */
		C066FF7D249F602B00F25D6F = {
			isa = PBXGroup;
			children = (
				C066FF88249F602B00F25D6F /* SlideshowApp */,
				C066FF87249F602B00F25D6F /* Products */,
			);
			sourceTree = "<group>";
		};
		C066FF87249F602B00F25D6F /* Products */ = {
			isa = PBXGroup;
			children = (
				C066FF86249F602B00F25D6F /* SlideshowApp.app */,
			);
			name = Products;
			sourceTree = "<group>";
		};
		C066FF88249F602B00F25D6F /* SlideshowApp */ = {
			isa = PBXGroup;
			children = (
				C025B4C724A4E50100C99D24 /* IMG_01.jpg */,
				C025B4C224A4E50000C99D24 /* IMG_02.jpg */,
				C025B4C424A4E50000C99D24 /* IMG_03.jpg */,
				C025B4C624A4E50000C99D24 /* IMG_04.jpg */,
				C025B4C324A4E50000C99D24 /* IMG_05.jpg */,
				C025B4C524A4E50000C99D24 /* IMG_06.jpg */,
				C066FF89249F602B00F25D6F /* AppDelegate.swift */,
				C066FF8B249F602B00F25D6F /* SceneDelegate.swift */,
				C066FF8D249F602B00F25D6F /* ViewController.swift */,
				C066FF9D24A237AF00F25D6F /* ResultViewController.swift */,
				C066FF8F249F602B00F25D6F /* Main.storyboard */,
				C066FF92249F602C00F25D6F /* Assets.xcassets */,
				C066FF94249F602C00F25D6F /* LaunchScreen.storyboard */,
				C066FF97249F602C00F25D6F /* Info.plist */,
			);
			path = SlideshowApp;
			sourceTree = "<group>";
		};
/* End PBXGroup section */

/* Begin PBXNativeTarget section */
		C066FF85249F602B00F25D6F /* SlideshowApp */ = {
			isa = PBXNativeTarget;
			buildConfigurationList = C066FF9A249F602C00F25D6F /* Build configuration list for PBXNativeTarget "SlideshowApp" */;
			buildPhases = (
				C066FF82249F602B00F25D6F /* Sources */,
				C066FF83249F602B00F25D6F /* Frameworks */,
				C066FF84249F602B00F25D6F /* Resources */,
			);
			buildRules = (
			);
			dependencies = (
			);
			name = SlideshowApp;
			productName = SlideshowApp;
			productReference = C066FF86249F602B00F25D6F /* SlideshowApp.app */;
			productType = "com.apple.product-type.application";
		};
/* End PBXNativeTarget section */

/* Begin PBXProject section */
		C066FF7E249F602B00F25D6F /* Project object */ = {
			isa = PBXProject;
			attributes = {
				LastSwiftUpdateCheck = 1110;
				LastUpgradeCheck = 1110;
				ORGANIZATIONNAME = daigo.kobayashi;
				TargetAttributes = {
					C066FF85249F602B00F25D6F = {
						CreatedOnToolsVersion = 11.1;
					};
				};
			};
			buildConfigurationList = C066FF81249F602B00F25D6F /* Build configuration list for PBXProject "SlideshowApp" */;
			compatibilityVersion = "Xcode 9.3";
			developmentRegion = en;
			hasScannedForEncodings = 0;
			knownRegions = (
				en,
				Base,
			);
			mainGroup = C066FF7D249F602B00F25D6F;
			productRefGroup = C066FF87249F602B00F25D6F /* Products */;
			projectDirPath = "";
			projectRoot = "";
			targets = (
				C066FF85249F602B00F25D6F /* SlideshowApp */,
			);
		};
/* End PBXProject section */

/* Begin PBXResourcesBuildPhase section */
		C066FF84249F602B00F25D6F /* Resources */ = {
			isa = PBXResourcesBuildPhase;
			buildActionMask = 2147483647;
			files = (
				C025B4C924A4E50100C99D24 /* IMG_05.jpg in Resources */,
				C025B4CC24A4E50100C99D24 /* IMG_04.jpg in Resources */,
				C066FF96249F602C00F25D6F /* LaunchScreen.storyboard in Resources */,
				C025B4CA24A4E50100C99D24 /* IMG_03.jpg in Resources */,
				C066FF93249F602C00F25D6F /* Assets.xcassets in Resources */,
				C066FF91249F602B00F25D6F /* Main.storyboard in Resources */,
				C025B4CB24A4E50100C99D24 /* IMG_06.jpg in Resources */,
				C025B4CD24A4E50100C99D24 /* IMG_01.jpg in Resources */,
				C025B4C824A4E50100C99D24 /* IMG_02.jpg in Resources */,
			);
			runOnlyForDeploymentPostprocessing = 0;
		};
/* End PBXResourcesBuildPhase section */

/* Begin PBXSourcesBuildPhase section */
		C066FF82249F602B00F25D6F /* Sources */ = {
			isa = PBXSourcesBuildPhase;
			buildActionMask = 2147483647;
			files = (
				C066FF8E249F602B00F25D6F /* ViewController.swift in Sources */,
				C066FF8A249F602B00F25D6F /* AppDelegate.swift in Sources */,
				C066FF8C249F602B00F25D6F /* SceneDelegate.swift in Sources */,
				C066FF9E24A237AF00F25D6F /* ResultViewController.swift in Sources */,
			);
			runOnlyForDeploymentPostprocessing = 0;
		};
/* End PBXSourcesBuildPhase section */

/* Begin PBXVariantGroup section */
		C066FF8F249F602B00F25D6F /* Main.storyboard */ = {
			isa = PBXVariantGroup;
			children = (
				C066FF90249F602B00F25D6F /* Base */,
			);
			name = Main.storyboard;
			sourceTree = "<group>";
		};
		C066FF94249F602C00F25D6F /* LaunchScreen.storyboard */ = {
			isa = PBXVariantGroup;
			children = (
				C066FF95249F602C00F25D6F /* Base */,
			);
			name = LaunchScreen.storyboard;
			sourceTree = "<group>";
		};
/* End PBXVariantGroup section */

/* Begin XCBuildConfiguration section */
		C066FF98249F602C00F25D6F /* Debug */ = {
			isa = XCBuildConfiguration;
			buildSettings = {
				ALWAYS_SEARCH_USER_PATHS = NO;
				CLANG_ANALYZER_NONNULL = YES;
				CLANG_ANALYZER_NUMBER_OBJECT_CONVERSION = YES_AGGRESSIVE;
				CLANG_CXX_LANGUAGE_STANDARD = "gnu++14";
				CLANG_CXX_LIBRARY = "libc++";
				CLANG_ENABLE_MODULES = YES;
				CLANG_ENABLE_OBJC_ARC = YES;
				CLANG_ENABLE_OBJC_WEAK = YES;
				CLANG_WARN_BLOCK_CAPTURE_AUTORELEASING = YES;
				CLANG_WARN_BOOL_CONVERSION = YES;
				CLANG_WARN_COMMA = YES;
				CLANG_WARN_CONSTANT_CONVERSION = YES;
				CLANG_WARN_DEPRECATED_OBJC_IMPLEMENTATIONS = YES;
				CLANG_WARN_DIRECT_OBJC_ISA_USAGE = YES_ERROR;
				CLANG_WARN_DOCUMENTATION_COMMENTS = YES;
				CLANG_WARN_EMPTY_BODY = YES;
				CLANG_WARN_ENUM_CONVERSION = YES;
				CLANG_WARN_INFINITE_RECURSION = YES;
				CLANG_WARN_INT_CONVERSION = YES;
				CLANG_WARN_NON_LITERAL_NULL_CONVERSION = YES;
				CLANG_WARN_OBJC_IMPLICIT_RETAIN_SELF = YES;
				CLANG_WARN_OBJC_LITERAL_CONVERSION = YES;
				CLANG_WARN_OBJC_ROOT_CLASS = YES_ERROR;
				CLANG_WARN_RANGE_LOOP_ANALYSIS = YES;
				CLANG_WARN_STRICT_PROTOTYPES = YES;
				CLANG_WARN_SUSPICIOUS_MOVE = YES;
				CLANG_WARN_UNGUARDED_AVAILABILITY = YES_AGGRESSIVE;
				CLANG_WARN_UNREACHABLE_CODE = YES;
				CLANG_WARN__DUPLICATE_METHOD_MATCH = YES;
				COPY_PHASE_STRIP = NO;
				DEBUG_INFORMATION_FORMAT = dwarf;
				ENABLE_STRICT_OBJC_MSGSEND = YES;
				ENABLE_TESTABILITY = YES;
				GCC_C_LANGUAGE_STANDARD = gnu11;
				GCC_DYNAMIC_NO_PIC = NO;
				GCC_NO_COMMON_BLOCKS = YES;
				GCC_OPTIMIZATION_LEVEL = 0;
				GCC_PREPROCESSOR_DEFINITIONS = (
					"DEBUG=1",
					"$(inherited)",
				);
				GCC_WARN_64_TO_32_BIT_CONVERSION = YES;
				GCC_WARN_ABOUT_RETURN_TYPE = YES_ERROR;
				GCC_WARN_UNDECLARED_SELECTOR = YES;
				GCC_WARN_UNINITIALIZED_AUTOS = YES_AGGRESSIVE;
				GCC_WARN_UNUSED_FUNCTION = YES;
				GCC_WARN_UNUSED_VARIABLE = YES;
				IPHONEOS_DEPLOYMENT_TARGET = 13.1;
				MTL_ENABLE_DEBUG_INFO = INCLUDE_SOURCE;
				MTL_FAST_MATH = YES;
				ONLY_ACTIVE_ARCH = YES;
				SDKROOT = iphoneos;
				SWIFT_ACTIVE_COMPILATION_CONDITIONS = DEBUG;
				SWIFT_OPTIMIZATION_LEVEL = "-Onone";
			};
			name = Debug;
		};
		C066FF99249F602C00F25D6F /* Release */ = {
			isa = XCBuildConfiguration;
			buildSettings = {
				ALWAYS_SEARCH_USER_PATHS = NO;
				CLANG_ANALYZER_NONNULL = YES;
				CLANG_ANALYZER_NUMBER_OBJECT_CONVERSION = YES_AGGRESSIVE;
				CLANG_CXX_LANGUAGE_STANDARD = "gnu++14";
				CLANG_CXX_LIBRARY = "libc++";
				CLANG_ENABLE_MODULES = YES;
				CLANG_ENABLE_OBJC_ARC = YES;
				CLANG_ENABLE_OBJC_WEAK = YES;
				CLANG_WARN_BLOCK_CAPTURE_AUTORELEASING = YES;
				CLANG_WARN_BOOL_CONVERSION = YES;
				CLANG_WARN_COMMA = YES;
				CLANG_WARN_CONSTANT_CONVERSION = YES;
				CLANG_WARN_DEPRECATED_OBJC_IMPLEMENTATIONS = YES;
				CLANG_WARN_DIRECT_OBJC_ISA_USAGE = YES_ERROR;
				CLANG_WARN_DOCUMENTATION_COMMENTS = YES;
				CLANG_WARN_EMPTY_BODY = YES;
				CLANG_WARN_ENUM_CONVERSION = YES;
				CLANG_WARN_INFINITE_RECURSION = YES;
				CLANG_WARN_INT_CONVERSION = YES;
				CLANG_WARN_NON_LITERAL_NULL_CONVERSION = YES;
				CLANG_WARN_OBJC_IMPLICIT_RETAIN_SELF = YES;
				CLANG_WARN_OBJC_LITERAL_CONVERSION = YES;
				CLANG_WARN_OBJC_ROOT_CLASS = YES_ERROR;
				CLANG_WARN_RANGE_LOOP_ANALYSIS = YES;
				CLANG_WARN_STRICT_PROTOTYPES = YES;
				CLANG_WARN_SUSPICIOUS_MOVE = YES;
				CLANG_WARN_UNGUARDED_AVAILABILITY = YES_AGGRESSIVE;
				CLANG_WARN_UNREACHABLE_CODE = YES;
				CLANG_WARN__DUPLICATE_METHOD_MATCH = YES;
				COPY_PHASE_STRIP = NO;
				DEBUG_INFORMATION_FORMAT = "dwarf-with-dsym";
				ENABLE_NS_ASSERTIONS = NO;
				ENABLE_STRICT_OBJC_MSGSEND = YES;
				GCC_C_LANGUAGE_STANDARD = gnu11;
				GCC_NO_COMMON_BLOCKS = YES;
				GCC_WARN_64_TO_32_BIT_CONVERSION = YES;
				GCC_WARN_ABOUT_RETURN_TYPE = YES_ERROR;
				GCC_WARN_UNDECLARED_SELECTOR = YES;
				GCC_WARN_UNINITIALIZED_AUTOS = YES_AGGRESSIVE;
				GCC_WARN_UNUSED_FUNCTION = YES;
				GCC_WARN_UNUSED_VARIABLE = YES;
				IPHONEOS_DEPLOYMENT_TARGET = 13.1;
				MTL_ENABLE_DEBUG_INFO = NO;
				MTL_FAST_MATH = YES;
				SDKROOT = iphoneos;
				SWIFT_COMPILATION_MODE = wholemodule;
				SWIFT_OPTIMIZATION_LEVEL = "-O";
				VALIDATE_PRODUCT = YES;
			};
			name = Release;
		};
		C066FF9B249F602C00F25D6F /* Debug */ = {
			isa = XCBuildConfiguration;
			buildSettings = {
				ASSETCATALOG_COMPILER_APPICON_NAME = AppIcon;
				CODE_SIGN_STYLE = Automatic;
				DEVELOPMENT_TEAM = T94PQCUK7X;
				INFOPLIST_FILE = SlideshowApp/Info.plist;
				LD_RUNPATH_SEARCH_PATHS = (
					"$(inherited)",
					"@executable_path/Frameworks",
				);
				PRODUCT_BUNDLE_IDENTIFIER = jp.techacademy.daigo.kobayashi.SlideshowApp;
				PRODUCT_NAME = "$(TARGET_NAME)";
				SWIFT_VERSION = 5.0;
				TARGETED_DEVICE_FAMILY = "1,2";
			};
			name = Debug;
		};
		C066FF9C249F602C00F25D6F /* Release */ = {
			isa = XCBuildConfiguration;
			buildSettings = {
				ASSETCATALOG_COMPILER_APPICON_NAME = AppIcon;
				CODE_SIGN_STYLE = Automatic;
				DEVELOPMENT_TEAM = T94PQCUK7X;
				INFOPLIST_FILE = SlideshowApp/Info.plist;
				LD_RUNPATH_SEARCH_PATHS = (
					"$(inherited)",
					"@executable_path/Frameworks",
				);
				PRODUCT_BUNDLE_IDENTIFIER = jp.techacademy.daigo.kobayashi.SlideshowApp;
				PRODUCT_NAME = "$(TARGET_NAME)";
				SWIFT_VERSION = 5.0;
				TARGETED_DEVICE_FAMILY = "1,2";
			};
			name = Release;
		};
/* End XCBuildConfiguration section */

/* Begin XCConfigurationList section */
		C066FF81249F602B00F25D6F /* Build configuration list for PBXProject "SlideshowApp" */ = {
			isa = XCConfigurationList;
			buildConfigurations = (
				C066FF98249F602C00F25D6F /* Debug */,
				C066FF99249F602C00F25D6F /* Release */,
			);
			defaultConfigurationIsVisible = 0;
			defaultConfigurationName = Release;
		};
		C066FF9A249F602C00F25D6F /* Build configuration list for PBXNativeTarget "SlideshowApp" */ = {
			isa = XCConfigurationList;
			buildConfigurations = (
				C066FF9B249F602C00F25D6F /* Debug */,
				C066FF9C249F602C00F25D6F /* Release */,
			);
			defaultConfigurationIsVisible = 0;
			defaultConfigurationName = Release;
		};
/* End XCConfigurationList section */
	};
	rootObject = C066FF7E249F602B00F25D6F /* Project object */;
}
